
Microsoft Visual Studio Solution File, Format Version 12.00
# Visual Studio Version 16
VisualStudioVersion = 16.0.29505.209
MinimumVisualStudioVersion = 15.0.26124.0
Project("{FAE04EC0-301F-11D3-BF4B-00C04F79EFBC}") = "Xamarin.Essentials", "Xamarin.Essentials\Xamarin.Essentials.csproj", "{CD6D6AE6-83A1-41B1-BD7C-C555A77C288B}"
EndProject
Global
	GlobalSection(SolutionConfigurationPlatforms) = preSolution
		Debug|Any CPU = Debug|Any CPU
		Debug|ARM = Debug|ARM
		Debug|ARM64 = Debug|ARM64
		Debug|iPhone = Debug|iPhone
		Debug|iPhoneSimulator = Debug|iPhoneSimulator
		Debug|x64 = Debug|x64
		Debug|x86 = Debug|x86
		Release|Any CPU = Release|Any CPU
		Release|ARM = Release|ARM
		Release|ARM64 = Release|ARM64
		Release|iPhone = Release|iPhone
		Release|iPhoneSimulator = Release|iPhoneSimulator
		Release|x64 = Release|x64
		Release|x86 = Release|x86
	EndGlobalSection
	GlobalSection(ProjectConfigurationPlatforms) = postSolution
		{CD6D6AE6-83A1-41B1-BD7C-C555A77C288B}.Debug|Any CPU.ActiveCfg = Debug|Any CPU
		{CD6D6AE6-83A1-41B1-BD7C-C555A77C288B}.Debug|Any CPU.Build.0 = Debug|Any CPU
		{CD6D6AE6-83A1-41B1-BD7C-C555A77C288B}.Debug|ARM.ActiveCfg = Debug|Any CPU
		{CD6D6AE6-83A1-41B1-BD7C-C555A77C288B}.Debug|ARM.Build.0 = Debug|Any CPU
		{CD6D6AE6-83A1-41B1-BD7C-C555A77C288B}.Debug|ARM64.ActiveCfg = Debug|Any CPU
		{CD6D6AE6-83A1-41B1-BD7C-C555A77C288B}.Debug|ARM64.Build.0 = Debug|Any CPU
		{CD6D6AE6-83A1-41B1-BD7C-C555A77C288B}.Debug|iPhone.ActiveCfg = Debug|Any CPU
		{CD6D6AE6-83A1-41B1-BD7C-C555A77C288B}.Debug|iPhone.Build.0 = Debug|Any CPU
		{CD6D6AE6-83A1-41B1-BD7C-C555A77C288B}.Debug|iPhoneSimulator.ActiveCfg = Debug|Any CPU
		{CD6D6AE6-83A1-41B1-BD7C-C555A77C288B}.Debug|iPhoneSimulator.Build.0 = Debug|Any CPU
		{CD6D6AE6-83A1-41B1-BD7C-C555A77C288B}.Debug|x64.ActiveCfg = Debug|Any CPU
		{CD6D6AE6-83A1-41B1-BD7C-C555A77C288B}.Debug|x64.Build.0 = Debug|Any CPU
		{CD6D6AE6-83A1-41B1-BD7C-C555A77C288B}.Debug|x86.ActiveCfg = Debug|Any CPU
		{CD6D6AE6-83A1-41B1-BD7C-C555A77C288B}.Debug|x86.Build.0 = Debug|Any CPU
		{CD6D6AE6-83A1-41B1-BD7C-C555A77C288B}.Release|Any CPU.ActiveCfg = Release|Any CPU
		{CD6D6AE6-83A1-41B1-BD7C-C555A77C288B}.Release|Any CPU.Build.0 = Release|Any CPU
		{CD6D6AE6-83A1-41B1-BD7C-C555A77C288B}.Release|ARM.ActiveCfg = Release|Any CPU
		{CD6D6AE6-83A1-41B1-BD7C-C555A77C288B}.Release|ARM.Build.0 = Release|Any CPU
		{CD6D6AE6-83A1-41B1-BD7C-C555A77C288B}.Release|ARM64.ActiveCfg = Release|Any CPU
		{CD6D6AE6-83A1-41B1-BD7C-C555A77C288B}.Release|ARM64.Build.0 = Release|Any CPU
		{CD6D6AE6-83A1-41B1-BD7C-C555A77C288B}.Release|iPhone.ActiveCfg = Release|Any CPU
		{CD6D6AE6-83A1-41B1-BD7C-C555A77C288B}.Release|iPhone.Build.0 = Release|Any CPU
		{CD6D6AE6-83A1-41B1-BD7C-C555A77C288B}.Release|iPhoneSimulator.ActiveCfg = Release|Any CPU
		{CD6D6AE6-83A1-41B1-BD7C-C555A77C288B}.Release|iPhoneSimulator.Build.0 = Release|Any CPU
		{CD6D6AE6-83A1-41B1-BD7C-C555A77C288B}.Release|x64.ActiveCfg = Release|Any CPU
		{CD6D6AE6-83A1-41B1-BD7C-C555A77C288B}.Release|x64.Build.0 = Release|Any CPU
		{CD6D6AE6-83A1-41B1-BD7C-C555A77C288B}.Release|x86.ActiveCfg = Release|Any CPU
		{CD6D6AE6-83A1-41B1-BD7C-C555A77C288B}.Release|x86.Build.0 = Release|Any CPU
	EndGlobalSection
	GlobalSection(SolutionProperties) = preSolution
		HideSolutionNode = FALSE
	EndGlobalSection
	GlobalSection(NestedProjects) = preSolution
	EndGlobalSection
	GlobalSection(ExtensibilityGlobals) = postSolution
		SolutionGuid = {E012047E-6826-4037-8D1A-5606CD7D345D}
	EndGlobalSection
	GlobalSection(MonoDevelopProperties) = preSolution
		description = Custom build
		version = 1.7.5.1
	EndGlobalSection
EndGlobal
